// !$*UTF8*$!
{
	archiveVersion = 1;
	classes = {
	};
	objectVersion = 50;
	objects = {

/* Begin PBXBuildFile section */
		6625D5A022A81F6F0089782A /* AppDelegate.swift in Sources */ = {isa = PBXBuildFile; fileRef = 6625D59F22A81F6F0089782A /* AppDelegate.swift */; };
		6625D5A522A81F6F0089782A /* Main.storyboard in Resources */ = {isa = PBXBuildFile; fileRef = 6625D5A322A81F6F0089782A /* Main.storyboard */; };
		6625D5A722A81F700089782A /* Assets.xcassets in Resources */ = {isa = PBXBuildFile; fileRef = 6625D5A622A81F700089782A /* Assets.xcassets */; };
		6625D5AA22A81F700089782A /* LaunchScreen.storyboard in Resources */ = {isa = PBXBuildFile; fileRef = 6625D5A822A81F700089782A /* LaunchScreen.storyboard */; };
		6625D5B422A828600089782A /* NotesViewController.swift in Sources */ = {isa = PBXBuildFile; fileRef = 6625D5B322A828600089782A /* NotesViewController.swift */; };
		6625D5B622A82BE10089782A /* Note.swift in Sources */ = {isa = PBXBuildFile; fileRef = 6625D5B522A82BE10089782A /* Note.swift */; };
		6625D5BB22A82DF40089782A /* NoteController.swift in Sources */ = {isa = PBXBuildFile; fileRef = 6625D5BA22A82DF40089782A /* NoteController.swift */; };
		6625D5BE22A831170089782A /* NoteTableViewCell.swift in Sources */ = {isa = PBXBuildFile; fileRef = 6625D5BD22A831170089782A /* NoteTableViewCell.swift */; };
/* End PBXBuildFile section */

/* Begin PBXFileReference section */
		6625D59C22A81F6F0089782A /* QuickNotes.app */ = {isa = PBXFileReference; explicitFileType = wrapper.application; includeInIndex = 0; path = QuickNotes.app; sourceTree = BUILT_PRODUCTS_DIR; };
		6625D59F22A81F6F0089782A /* AppDelegate.swift */ = {isa = PBXFileReference; lastKnownFileType = sourcecode.swift; path = AppDelegate.swift; sourceTree = "<group>"; };
		6625D5A422A81F6F0089782A /* Base */ = {isa = PBXFileReference; lastKnownFileType = file.storyboard; name = Base; path = Base.lproj/Main.storyboard; sourceTree = "<group>"; };
		6625D5A622A81F700089782A /* Assets.xcassets */ = {isa = PBXFileReference; lastKnownFileType = folder.assetcatalog; path = Assets.xcassets; sourceTree = "<group>"; };
		6625D5A922A81F700089782A /* Base */ = {isa = PBXFileReference; lastKnownFileType = file.storyboard; name = Base; path = Base.lproj/LaunchScreen.storyboard; sourceTree = "<group>"; };
		6625D5AB22A81F700089782A /* Info.plist */ = {isa = PBXFileReference; lastKnownFileType = text.plist.xml; path = Info.plist; sourceTree = "<group>"; };
		6625D5B322A828600089782A /* NotesViewController.swift */ = {isa = PBXFileReference; lastKnownFileType = sourcecode.swift; path = NotesViewController.swift; sourceTree = "<group>"; };
		6625D5B522A82BE10089782A /* Note.swift */ = {isa = PBXFileReference; lastKnownFileType = sourcecode.swift; path = Note.swift; sourceTree = "<group>"; };
		6625D5BA22A82DF40089782A /* NoteController.swift */ = {isa = PBXFileReference; lastKnownFileType = sourcecode.swift; path = NoteController.swift; sourceTree = "<group>"; };
		6625D5BD22A831170089782A /* NoteTableViewCell.swift */ = {isa = PBXFileReference; lastKnownFileType = sourcecode.swift; path = NoteTableViewCell.swift; sourceTree = "<group>"; };
/* End PBXFileReference section */

/* Begin PBXFrameworksBuildPhase section */
		6625D59922A81F6F0089782A /* Frameworks */ = {
			isa = PBXFrameworksBuildPhase;
			buildActionMask = 2147483647;
			files = (
			);
			runOnlyForDeploymentPostprocessing = 0;
		};
/* End PBXFrameworksBuildPhase section */

/* Begin PBXGroup section */
		6625D59322A81F6F0089782A = {
			isa = PBXGroup;
			children = (
				6625D59E22A81F6F0089782A /* QuickNotes */,
				6625D59D22A81F6F0089782A /* Products */,
			);
			sourceTree = "<group>";
		};
		6625D59D22A81F6F0089782A /* Products */ = {
			isa = PBXGroup;
			children = (
				6625D59C22A81F6F0089782A /* QuickNotes.app */,
			);
			name = Products;
			sourceTree = "<group>";
		};
		6625D59E22A81F6F0089782A /* QuickNotes */ = {
			isa = PBXGroup;
			children = (
				6625D5B722A82C270089782A /* Model */,
				6625D5BC22A82E010089782A /* Controller */,
				6625D5B822A82C310089782A /* View Controllers */,
				6625D5BF22A8311E0089782A /* Views */,
				6625D5B922A82C440089782A /* Resources */,
				6625D5AB22A81F700089782A /* Info.plist */,
			);
			path = QuickNotes;
			sourceTree = "<group>";
		};
		6625D5B722A82C270089782A /* Model */ = {
			isa = PBXGroup;
			children = (
				6625D5B522A82BE10089782A /* Note.swift */,
			);
			path = Model;
			sourceTree = "<group>";
		};
		6625D5B822A82C310089782A /* View Controllers */ = {
			isa = PBXGroup;
			children = (
				6625D5B322A828600089782A /* NotesViewController.swift */,
			);
			path = "View Controllers";
			sourceTree = "<group>";
		};
		6625D5B922A82C440089782A /* Resources */ = {
			isa = PBXGroup;
			children = (
				6625D59F22A81F6F0089782A /* AppDelegate.swift */,
				6625D5A322A81F6F0089782A /* Main.storyboard */,
				6625D5A622A81F700089782A /* Assets.xcassets */,
				6625D5A822A81F700089782A /* LaunchScreen.storyboard */,
			);
			path = Resources;
			sourceTree = "<group>";
		};
		6625D5BC22A82E010089782A /* Controller */ = {
			isa = PBXGroup;
			children = (
				6625D5BA22A82DF40089782A /* NoteController.swift */,
			);
			path = Controller;
			sourceTree = "<group>";
		};
		6625D5BF22A8311E0089782A /* Views */ = {
			isa = PBXGroup;
			children = (
				6625D5BD22A831170089782A /* NoteTableViewCell.swift */,
			);
			path = Views;
			sourceTree = "<group>";
		};
/* End PBXGroup section */

/* Begin PBXNativeTarget section */
		6625D59B22A81F6F0089782A /* QuickNotes */ = {
			isa = PBXNativeTarget;
			buildConfigurationList = 6625D5AE22A81F700089782A /* Build configuration list for PBXNativeTarget "QuickNotes" */;
			buildPhases = (
				6625D59822A81F6F0089782A /* Sources */,
				6625D59922A81F6F0089782A /* Frameworks */,
				6625D59A22A81F6F0089782A /* Resources */,
			);
			buildRules = (
			);
			dependencies = (
			);
			name = QuickNotes;
			productName = QuickNotes;
			productReference = 6625D59C22A81F6F0089782A /* QuickNotes.app */;
			productType = "com.apple.product-type.application";
		};
/* End PBXNativeTarget section */

/* Begin PBXProject section */
		6625D59422A81F6F0089782A /* Project object */ = {
			isa = PBXProject;
			attributes = {
				LastSwiftUpdateCheck = 1020;
				LastUpgradeCheck = 1020;
				ORGANIZATIONNAME = "Sean Acres";
				TargetAttributes = {
					6625D59B22A81F6F0089782A = {
						CreatedOnToolsVersion = 10.2.1;
					};
				};
			};
			buildConfigurationList = 6625D59722A81F6F0089782A /* Build configuration list for PBXProject "QuickNotes" */;
			compatibilityVersion = "Xcode 9.3";
			developmentRegion = en;
			hasScannedForEncodings = 0;
			knownRegions = (
				en,
				Base,
			);
			mainGroup = 6625D59322A81F6F0089782A;
			productRefGroup = 6625D59D22A81F6F0089782A /* Products */;
			projectDirPath = "";
			projectRoot = "";
			targets = (
				6625D59B22A81F6F0089782A /* QuickNotes */,
			);
		};
/* End PBXProject section */

/* Begin PBXResourcesBuildPhase section */
		6625D59A22A81F6F0089782A /* Resources */ = {
			isa = PBXResourcesBuildPhase;
			buildActionMask = 2147483647;
			files = (
				6625D5AA22A81F700089782A /* LaunchScreen.storyboard in Resources */,
				6625D5A722A81F700089782A /* Assets.xcassets in Resources */,
				6625D5A522A81F6F0089782A /* Main.storyboard in Resources */,
			);
			runOnlyForDeploymentPostprocessing = 0;
		};
/* End PBXResourcesBuildPhase section */

/* Begin PBXSourcesBuildPhase section */
		6625D59822A81F6F0089782A /* Sources */ = {
			isa = PBXSourcesBuildPhase;
			buildActionMask = 2147483647;
			files = (
				6625D5B422A828600089782A /* NotesViewController.swift in Sources */,
				6625D5BB22A82DF40089782A /* NoteController.swift in Sources */,
				6625D5A022A81F6F0089782A /* AppDelegate.swift in Sources */,
				6625D5BE22A831170089782A /* NoteTableViewCell.swift in Sources */,
				6625D5B622A82BE10089782A /* Note.swift in Sources */,
			);
			runOnlyForDeploymentPostprocessing = 0;
		};
/* End PBXSourcesBuildPhase section */

/* Begin PBXVariantGroup section */
		6625D5A322A81F6F0089782A /* Main.storyboard */ = {
			isa = PBXVariantGroup;
			children = (
				6625D5A422A81F6F0089782A /* Base */,
			);
			name = Main.storyboard;
			sourceTree = "<group>";
		};
		6625D5A822A81F700089782A /* LaunchScreen.storyboard */ = {
			isa = PBXVariantGroup;
			children = (
				6625D5A922A81F700089782A /* Base */,
			);
			name = LaunchScreen.storyboard;
			sourceTree = "<group>";
		};
/* End PBXVariantGroup section */

/* Begin XCBuildConfiguration section */
		6625D5AC22A81F700089782A /* Debug */ = {
			isa = XCBuildConfiguration;
			buildSettings = {
				ALWAYS_SEARCH_USER_PATHS = NO;
				CLANG_ANALYZER_NONNULL = YES;
				CLANG_ANALYZER_NUMBER_OBJECT_CONVERSION = YES_AGGRESSIVE;
				CLANG_CXX_LANGUAGE_STANDARD = "gnu++14";
				CLANG_CXX_LIBRARY = "libc++";
				CLANG_ENABLE_MODULES = YES;
				CLANG_ENABLE_OBJC_ARC = YES;
				CLANG_ENABLE_OBJC_WEAK = YES;
				CLANG_WARN_BLOCK_CAPTURE_AUTORELEASING = YES;
				CLANG_WARN_BOOL_CONVERSION = YES;
				CLANG_WARN_COMMA = YES;
				CLANG_WARN_CONSTANT_CONVERSION = YES;
				CLANG_WARN_DEPRECATED_OBJC_IMPLEMENTATIONS = YES;
				CLANG_WARN_DIRECT_OBJC_ISA_USAGE = YES_ERROR;
				CLANG_WARN_DOCUMENTATION_COMMENTS = YES;
				CLANG_WARN_EMPTY_BODY = YES;
				CLANG_WARN_ENUM_CONVERSION = YES;
				CLANG_WARN_INFINITE_RECURSION = YES;
				CLANG_WARN_INT_CONVERSION = YES;
				CLANG_WARN_NON_LITERAL_NULL_CONVERSION = YES;
				CLANG_WARN_OBJC_IMPLICIT_RETAIN_SELF = YES;
				CLANG_WARN_OBJC_LITERAL_CONVERSION = YES;
				CLANG_WARN_OBJC_ROOT_CLASS = YES_ERROR;
				CLANG_WARN_RANGE_LOOP_ANALYSIS = YES;
				CLANG_WARN_STRICT_PROTOTYPES = YES;
				CLANG_WARN_SUSPICIOUS_MOVE = YES;
				CLANG_WARN_UNGUARDED_AVAILABILITY = YES_AGGRESSIVE;
				CLANG_WARN_UNREACHABLE_CODE = YES;
				CLANG_WARN__DUPLICATE_METHOD_MATCH = YES;
				CODE_SIGN_IDENTITY = "iPhone Developer";
				COPY_PHASE_STRIP = NO;
				DEBUG_INFORMATION_FORMAT = dwarf;
				ENABLE_STRICT_OBJC_MSGSEND = YES;
				ENABLE_TESTABILITY = YES;
				GCC_C_LANGUAGE_STANDARD = gnu11;
				GCC_DYNAMIC_NO_PIC = NO;
				GCC_NO_COMMON_BLOCKS = YES;
				GCC_OPTIMIZATION_LEVEL = 0;
				GCC_PREPROCESSOR_DEFINITIONS = (
					"DEBUG=1",
					"$(inherited)",
				);
				GCC_WARN_64_TO_32_BIT_CONVERSION = YES;
				GCC_WARN_ABOUT_RETURN_TYPE = YES_ERROR;
				GCC_WARN_UNDECLARED_SELECTOR = YES;
				GCC_WARN_UNINITIALIZED_AUTOS = YES_AGGRESSIVE;
				GCC_WARN_UNUSED_FUNCTION = YES;
				GCC_WARN_UNUSED_VARIABLE = YES;
				IPHONEOS_DEPLOYMENT_TARGET = 12.2;
				MTL_ENABLE_DEBUG_INFO = INCLUDE_SOURCE;
				MTL_FAST_MATH = YES;
				ONLY_ACTIVE_ARCH = YES;
				SDKROOT = iphoneos;
				SWIFT_ACTIVE_COMPILATION_CONDITIONS = DEBUG;
				SWIFT_OPTIMIZATION_LEVEL = "-Onone";
			};
			name = Debug;
		};
		6625D5AD22A81F700089782A /* Release */ = {
			isa = XCBuildConfiguration;
			buildSettings = {
				ALWAYS_SEARCH_USER_PATHS = NO;
				CLANG_ANALYZER_NONNULL = YES;
				CLANG_ANALYZER_NUMBER_OBJECT_CONVERSION = YES_AGGRESSIVE;
				CLANG_CXX_LANGUAGE_STANDARD = "gnu++14";
				CLANG_CXX_LIBRARY = "libc++";
				CLANG_ENABLE_MODULES = YES;
				CLANG_ENABLE_OBJC_ARC = YES;
				CLANG_ENABLE_OBJC_WEAK = YES;
				CLANG_WARN_BLOCK_CAPTURE_AUTORELEASING = YES;
				CLANG_WARN_BOOL_CONVERSION = YES;
				CLANG_WARN_COMMA = YES;
				CLANG_WARN_CONSTANT_CONVERSION = YES;
				CLANG_WARN_DEPRECATED_OBJC_IMPLEMENTATIONS = YES;
				CLANG_WARN_DIRECT_OBJC_ISA_USAGE = YES_ERROR;
				CLANG_WARN_DOCUMENTATION_COMMENTS = YES;
				CLANG_WARN_EMPTY_BODY = YES;
				CLANG_WARN_ENUM_CONVERSION = YES;
				CLANG_WARN_INFINITE_RECURSION = YES;
				CLANG_WARN_INT_CONVERSION = YES;
				CLANG_WARN_NON_LITERAL_NULL_CONVERSION = YES;
				CLANG_WARN_OBJC_IMPLICIT_RETAIN_SELF = YES;
				CLANG_WARN_OBJC_LITERAL_CONVERSION = YES;
				CLANG_WARN_OBJC_ROOT_CLASS = YES_ERROR;
				CLANG_WARN_RANGE_LOOP_ANALYSIS = YES;
				CLANG_WARN_STRICT_PROTOTYPES = YES;
				CLANG_WARN_SUSPICIOUS_MOVE = YES;
				CLANG_WARN_UNGUARDED_AVAILABILITY = YES_AGGRESSIVE;
				CLANG_WARN_UNREACHABLE_CODE = YES;
				CLANG_WARN__DUPLICATE_METHOD_MATCH = YES;
				CODE_SIGN_IDENTITY = "iPhone Developer";
				COPY_PHASE_STRIP = NO;
				DEBUG_INFORMATION_FORMAT = "dwarf-with-dsym";
				ENABLE_NS_ASSERTIONS = NO;
				ENABLE_STRICT_OBJC_MSGSEND = YES;
				GCC_C_LANGUAGE_STANDARD = gnu11;
				GCC_NO_COMMON_BLOCKS = YES;
				GCC_WARN_64_TO_32_BIT_CONVERSION = YES;
				GCC_WARN_ABOUT_RETURN_TYPE = YES_ERROR;
				GCC_WARN_UNDECLARED_SELECTOR = YES;
				GCC_WARN_UNINITIALIZED_AUTOS = YES_AGGRESSIVE;
				GCC_WARN_UNUSED_FUNCTION = YES;
				GCC_WARN_UNUSED_VARIABLE = YES;
				IPHONEOS_DEPLOYMENT_TARGET = 12.2;
				MTL_ENABLE_DEBUG_INFO = NO;
				MTL_FAST_MATH = YES;
				SDKROOT = iphoneos;
				SWIFT_COMPILATION_MODE = wholemodule;
				SWIFT_OPTIMIZATION_LEVEL = "-O";
				VALIDATE_PRODUCT = YES;
			};
			name = Release;
		};
		6625D5AF22A81F700089782A /* Debug */ = {
			isa = XCBuildConfiguration;
			buildSettings = {
				ASSETCATALOG_COMPILER_APPICON_NAME = AppIcon;
				CODE_SIGN_STYLE = Automatic;
				DEVELOPMENT_TEAM = 64HJH4K2FC;
				INFOPLIST_FILE = QuickNotes/Info.plist;
				LD_RUNPATH_SEARCH_PATHS = (
					"$(inherited)",
					"@executable_path/Frameworks",
				);
				PRODUCT_BUNDLE_IDENTIFIER = com.shakers.QuickNotes;
				PRODUCT_NAME = "$(TARGET_NAME)";
				SWIFT_VERSION = 5.0;
				TARGETED_DEVICE_FAMILY = "1,2";
			};
			name = Debug;
		};
		6625D5B022A81F700089782A /* Release */ = {
			isa = XCBuildConfiguration;
			buildSettings = {
				ASSETCATALOG_COMPILER_APPICON_NAME = AppIcon;
				CODE_SIGN_STYLE = Automatic;
				DEVELOPMENT_TEAM = 64HJH4K2FC;
				INFOPLIST_FILE = QuickNotes/Info.plist;
				LD_RUNPATH_SEARCH_PATHS = (
					"$(inherited)",
					"@executable_path/Frameworks",
				);
				PRODUCT_BUNDLE_IDENTIFIER = com.shakers.QuickNotes;
				PRODUCT_NAME = "$(TARGET_NAME)";
				SWIFT_VERSION = 5.0;
				TARGETED_DEVICE_FAMILY = "1,2";
			};
			name = Release;
		};
/* End XCBuildConfiguration section */

/* Begin XCConfigurationList section */
		6625D59722A81F6F0089782A /* Build configuration list for PBXProject "QuickNotes" */ = {
			isa = XCConfigurationList;
			buildConfigurations = (
				6625D5AC22A81F700089782A /* Debug */,
				6625D5AD22A81F700089782A /* Release */,
			);
			defaultConfigurationIsVisible = 0;
			defaultConfigurationName = Release;
		};
		6625D5AE22A81F700089782A /* Build configuration list for PBXNativeTarget "QuickNotes" */ = {
			isa = XCConfigurationList;
			buildConfigurations = (
				6625D5AF22A81F700089782A /* Debug */,
				6625D5B022A81F700089782A /* Release */,
			);
			defaultConfigurationIsVisible = 0;
			defaultConfigurationName = Release;
		};
/* End XCConfigurationList section */
	};
	rootObject = 6625D59422A81F6F0089782A /* Project object */;
}
